
Microsoft Visual Studio Solution File, Format Version 12.00
# Visual Studio Version 16
VisualStudioVersion = 16.0.31702.278
MinimumVisualStudioVersion = 10.0.40219.1
Project("{FAE04EC0-301F-11D3-BF4B-00C04F79EFBC}") = "ExemploCRUD", "ExemploCRUD.csproj", "{B50F2AE2-BD48-4C21-9C3A-5B2E55AC8018}"
EndProject
Global
	GlobalSection(SolutionConfigurationPlatforms) = preSolution
		Debug|Any CPU = Debug|Any CPU
		Release|Any CPU = Release|Any CPU
	EndGlobalSection
	GlobalSection(ProjectConfigurationPlatforms) = postSolution
		{B50F2AE2-BD48-4C21-9C3A-5B2E55AC8018}.Debug|Any CPU.ActiveCfg = Debug|Any CPU
		{B50F2AE2-BD48-4C21-9C3A-5B2E55AC8018}.Debug|Any CPU.Build.0 = Debug|Any CPU
		{B50F2AE2-BD48-4C21-9C3A-5B2E55AC8018}.Release|Any CPU.ActiveCfg = Release|Any CPU
		{B50F2AE2-BD48-4C21-9C3A-5B2E55AC8018}.Release|Any CPU.Build.0 = Release|Any CPU
	EndGlobalSection
	GlobalSection(SolutionProperties) = preSolution
		HideSolutionNode = FALSE
	EndGlobalSection
	GlobalSection(ExtensibilityGlobals) = postSolution
		SolutionGuid = {8A5F42A2-E991-42FF-8F17-CAB0C7AB77F7}
	EndGlobalSection
EndGlobal
